
Microsoft Visual Studio Solution File, Format Version 12.00
# Visual Studio Version 17
VisualStudioVersion = 17.4.33110.190
MinimumVisualStudioVersion = 10.0.40219.1
Project("{FAE04EC0-301F-11D3-BF4B-00C04F79EFBC}") = "MyFrontEnd", "MyFrontEnd\MyFrontEnd.csproj", "{BAC5A10C-2F91-406F-826B-F9CC5CD348CC}"
EndProject
Project("{FAE04EC0-301F-11D3-BF4B-00C04F79EFBC}") = "MyBackEnd", "MyBackEnd\MyBackEnd.csproj", "{5DC1F08B-2A38-4B9E-A8DC-45FC9BB58D3A}"
EndProject
Project("{E53339B2-1760-4266-BCC7-CA923CBCF16C}") = "docker-compose", "docker-compose.dcproj", "{60626E99-D267-4F72-94EE-79FAF3561722}"
EndProject
Global
	GlobalSection(SolutionConfigurationPlatforms) = preSolution
		Debug|Any CPU = Debug|Any CPU
		Release|Any CPU = Release|Any CPU
	EndGlobalSection
	GlobalSection(ProjectConfigurationPlatforms) = postSolution
		{BAC5A10C-2F91-406F-826B-F9CC5CD348CC}.Debug|Any CPU.ActiveCfg = Debug|Any CPU
		{BAC5A10C-2F91-406F-826B-F9CC5CD348CC}.Debug|Any CPU.Build.0 = Debug|Any CPU
		{BAC5A10C-2F91-406F-826B-F9CC5CD348CC}.Release|Any CPU.ActiveCfg = Release|Any CPU
		{BAC5A10C-2F91-406F-826B-F9CC5CD348CC}.Release|Any CPU.Build.0 = Release|Any CPU
		{5DC1F08B-2A38-4B9E-A8DC-45FC9BB58D3A}.Debug|Any CPU.ActiveCfg = Debug|Any CPU
		{5DC1F08B-2A38-4B9E-A8DC-45FC9BB58D3A}.Debug|Any CPU.Build.0 = Debug|Any CPU
		{5DC1F08B-2A38-4B9E-A8DC-45FC9BB58D3A}.Release|Any CPU.ActiveCfg = Release|Any CPU
		{5DC1F08B-2A38-4B9E-A8DC-45FC9BB58D3A}.Release|Any CPU.Build.0 = Release|Any CPU
		{60626E99-D267-4F72-94EE-79FAF3561722}.Debug|Any CPU.ActiveCfg = Debug|Any CPU
		{60626E99-D267-4F72-94EE-79FAF3561722}.Debug|Any CPU.Build.0 = Debug|Any CPU
		{60626E99-D267-4F72-94EE-79FAF3561722}.Release|Any CPU.ActiveCfg = Release|Any CPU
		{60626E99-D267-4F72-94EE-79FAF3561722}.Release|Any CPU.Build.0 = Release|Any CPU
	EndGlobalSection
	GlobalSection(SolutionProperties) = preSolution
		HideSolutionNode = FALSE
	EndGlobalSection
	GlobalSection(ExtensibilityGlobals) = postSolution
		SolutionGuid = {9B114E49-BF52-4278-A8FB-EA65942D4EBE}
	EndGlobalSection
EndGlobal
